
Microsoft Visual Studio Solution File, Format Version 12.00
# Visual Studio Version 16
VisualStudioVersion = 16.0.31727.386
MinimumVisualStudioVersion = 10.0.40219.1
Project("{8BC9CEB8-8B4A-11D0-8D11-00A0C91BC942}") = "c", "c\c.vcxproj", "{788F0114-F0BB-4549-964B-558C5467EA56}"
EndProject
Project("{FAE04EC0-301F-11D3-BF4B-00C04F79EFBC}") = "Csharp", "Csharp\Csharp.csproj", "{64685D69-4B85-4FE0-8C0A-74221A71E94C}"
EndProject
Global
	GlobalSection(SolutionConfigurationPlatforms) = preSolution
		Debug|Any CPU = Debug|Any CPU
		Debug|x64 = Debug|x64
		Debug|x86 = Debug|x86
		Release|Any CPU = Release|Any CPU
		Release|x64 = Release|x64
		Release|x86 = Release|x86
	EndGlobalSection
	GlobalSection(ProjectConfigurationPlatforms) = postSolution
		{788F0114-F0BB-4549-964B-558C5467EA56}.Debug|Any CPU.ActiveCfg = Debug|Win32
		{788F0114-F0BB-4549-964B-558C5467EA56}.Debug|x64.ActiveCfg = Debug|x64
		{788F0114-F0BB-4549-964B-558C5467EA56}.Debug|x64.Build.0 = Debug|x64
		{788F0114-F0BB-4549-964B-558C5467EA56}.Debug|x86.ActiveCfg = Debug|Win32
		{788F0114-F0BB-4549-964B-558C5467EA56}.Debug|x86.Build.0 = Debug|Win32
		{788F0114-F0BB-4549-964B-558C5467EA56}.Release|Any CPU.ActiveCfg = Release|Win32
		{788F0114-F0BB-4549-964B-558C5467EA56}.Release|x64.ActiveCfg = Release|x64
		{788F0114-F0BB-4549-964B-558C5467EA56}.Release|x64.Build.0 = Release|x64
		{788F0114-F0BB-4549-964B-558C5467EA56}.Release|x86.ActiveCfg = Release|Win32
		{788F0114-F0BB-4549-964B-558C5467EA56}.Release|x86.Build.0 = Release|Win32
		{64685D69-4B85-4FE0-8C0A-74221A71E94C}.Debug|Any CPU.ActiveCfg = Debug|Any CPU
		{64685D69-4B85-4FE0-8C0A-74221A71E94C}.Debug|Any CPU.Build.0 = Debug|Any CPU
		{64685D69-4B85-4FE0-8C0A-74221A71E94C}.Debug|x64.ActiveCfg = Debug|Any CPU
		{64685D69-4B85-4FE0-8C0A-74221A71E94C}.Debug|x64.Build.0 = Debug|Any CPU
		{64685D69-4B85-4FE0-8C0A-74221A71E94C}.Debug|x86.ActiveCfg = Debug|Any CPU
		{64685D69-4B85-4FE0-8C0A-74221A71E94C}.Debug|x86.Build.0 = Debug|Any CPU
		{64685D69-4B85-4FE0-8C0A-74221A71E94C}.Release|Any CPU.ActiveCfg = Release|Any CPU
		{64685D69-4B85-4FE0-8C0A-74221A71E94C}.Release|Any CPU.Build.0 = Release|Any CPU
		{64685D69-4B85-4FE0-8C0A-74221A71E94C}.Release|x64.ActiveCfg = Release|Any CPU
		{64685D69-4B85-4FE0-8C0A-74221A71E94C}.Release|x64.Build.0 = Release|Any CPU
		{64685D69-4B85-4FE0-8C0A-74221A71E94C}.Release|x86.ActiveCfg = Release|Any CPU
		{64685D69-4B85-4FE0-8C0A-74221A71E94C}.Release|x86.Build.0 = Release|Any CPU
	EndGlobalSection
	GlobalSection(SolutionProperties) = preSolution
		HideSolutionNode = FALSE
	EndGlobalSection
	GlobalSection(ExtensibilityGlobals) = postSolution
		SolutionGuid = {47C04A6B-3978-446E-904D-A6F531CC6021}
	EndGlobalSection
EndGlobal
